{
  "name": "ProEventos",
  "lockfileVersion": 3,
  "requires": true,
  "packages": {
    "": {
      "dependencies": {
        "ngx-currency": "^3.0.0"
      }
    },
    "node_modules/ngx-currency": {
      "version": "3.0.0",
      "resolved": "https://registry.npmjs.org/ngx-currency/-/ngx-currency-3.0.0.tgz",
      "integrity": "sha512-nWHhHVx37MqBS46ckqRVaOb/8kIt+yAksiJ26AviUptdkLK1Cw7mdZbvqGqePRfx9Lh/NEHfvOFt/inlDKGvmQ==",
      "dependencies": {
        "tslib": "^2.0.0"
      }
    },
    "node_modules/tslib": {
      "version": "2.5.0",
      "resolved": "https://registry.npmjs.org/tslib/-/tslib-2.5.0.tgz",
      "integrity": "sha512-336iVw3rtn2BUK7ORdIAHTyxHGRIHVReokCR3XjbckJMK7ms8FysBfhLR8IXnAgy7T0PTPNBWKiH514FOW/WSg=="
    }
  }
}
